
Microsoft Visual Studio Solution File, Format Version 12.00
# Visual Studio Version 17
VisualStudioVersion = 17.11.35327.3
MinimumVisualStudioVersion = 10.0.40219.1
Project("{9A19103F-16F7-4668-BE54-9A1E7A4F7556}") = "FactoryMethod", "FactoryMethod\FactoryMethod.csproj", "{EF10D74E-5DC1-4D38-9E79-B7E9CF46AEE6}"
EndProject
Project("{2150E333-8FDC-42A3-9474-1A3956D46DE8}") = "Creational", "Creational", "{87DA0CDA-EB8D-4CF7-89DC-F94BBF3AFA7F}"
EndProject
Project("{9A19103F-16F7-4668-BE54-9A1E7A4F7556}") = "AbstractFactory", "AbstractFactory\AbstractFactory.csproj", "{810DBC1E-74E3-4E3C-A243-7CC3D335B100}"
EndProject
Project("{9A19103F-16F7-4668-BE54-9A1E7A4F7556}") = "Builder", "Builder\Builder.csproj", "{8D27A496-7259-4B54-BE0C-14D30DA4EF0C}"
EndProject
Project("{9A19103F-16F7-4668-BE54-9A1E7A4F7556}") = "Prototype", "Prototype\Prototype.csproj", "{A66C9BDD-0002-4D67-BBF7-59EB42D92FD5}"
EndProject
Project("{9A19103F-16F7-4668-BE54-9A1E7A4F7556}") = "Singleton", "Singleton\Singleton.csproj", "{7AC77399-E88A-491C-9398-E9233CA4D1D3}"
EndProject
Project("{2150E333-8FDC-42A3-9474-1A3956D46DE8}") = "Structural", "Structural", "{9D45D98E-B376-4CC8-B2DB-B3D436E2C3EA}"
EndProject
Project("{9A19103F-16F7-4668-BE54-9A1E7A4F7556}") = "Adapter", "Adapter\Adapter.csproj", "{7B87B837-02F3-43A8-A2A9-0D126FC033A9}"
EndProject
Project("{9A19103F-16F7-4668-BE54-9A1E7A4F7556}") = "Bridge", "Bridge\Bridge.csproj", "{FCA1AFC8-6FA0-4B47-A107-9712071C5156}"
EndProject
Project("{9A19103F-16F7-4668-BE54-9A1E7A4F7556}") = "Composite", "Composite\Composite.csproj", "{0C03E86A-AE0B-4585-8777-109DF14EA8D5}"
EndProject
Project("{9A19103F-16F7-4668-BE54-9A1E7A4F7556}") = "Decorator", "Decorator\Decorator.csproj", "{D72430B6-FCBD-468A-830D-27F75276B1D3}"
EndProject
Project("{FAE04EC0-301F-11D3-BF4B-00C04F79EFBC}") = "Facade", "Facade\Facade.csproj", "{2CB6AC9D-B0A9-41DE-8A18-263750DC677E}"
EndProject
Project("{FAE04EC0-301F-11D3-BF4B-00C04F79EFBC}") = "Flyweight", "Flyweight\Flyweight.csproj", "{C9AEE731-1B65-4743-B510-A7374701FDA7}"
EndProject
Global
	GlobalSection(SolutionConfigurationPlatforms) = preSolution
		Debug|Any CPU = Debug|Any CPU
		Release|Any CPU = Release|Any CPU
	EndGlobalSection
	GlobalSection(ProjectConfigurationPlatforms) = postSolution
		{EF10D74E-5DC1-4D38-9E79-B7E9CF46AEE6}.Debug|Any CPU.ActiveCfg = Debug|Any CPU
		{EF10D74E-5DC1-4D38-9E79-B7E9CF46AEE6}.Debug|Any CPU.Build.0 = Debug|Any CPU
		{EF10D74E-5DC1-4D38-9E79-B7E9CF46AEE6}.Release|Any CPU.ActiveCfg = Release|Any CPU
		{EF10D74E-5DC1-4D38-9E79-B7E9CF46AEE6}.Release|Any CPU.Build.0 = Release|Any CPU
		{810DBC1E-74E3-4E3C-A243-7CC3D335B100}.Debug|Any CPU.ActiveCfg = Debug|Any CPU
		{810DBC1E-74E3-4E3C-A243-7CC3D335B100}.Debug|Any CPU.Build.0 = Debug|Any CPU
		{810DBC1E-74E3-4E3C-A243-7CC3D335B100}.Release|Any CPU.ActiveCfg = Release|Any CPU
		{810DBC1E-74E3-4E3C-A243-7CC3D335B100}.Release|Any CPU.Build.0 = Release|Any CPU
		{8D27A496-7259-4B54-BE0C-14D30DA4EF0C}.Debug|Any CPU.ActiveCfg = Debug|Any CPU
		{8D27A496-7259-4B54-BE0C-14D30DA4EF0C}.Debug|Any CPU.Build.0 = Debug|Any CPU
		{8D27A496-7259-4B54-BE0C-14D30DA4EF0C}.Release|Any CPU.ActiveCfg = Release|Any CPU
		{8D27A496-7259-4B54-BE0C-14D30DA4EF0C}.Release|Any CPU.Build.0 = Release|Any CPU
		{A66C9BDD-0002-4D67-BBF7-59EB42D92FD5}.Debug|Any CPU.ActiveCfg = Debug|Any CPU
		{A66C9BDD-0002-4D67-BBF7-59EB42D92FD5}.Debug|Any CPU.Build.0 = Debug|Any CPU
		{A66C9BDD-0002-4D67-BBF7-59EB42D92FD5}.Release|Any CPU.ActiveCfg = Release|Any CPU
		{A66C9BDD-0002-4D67-BBF7-59EB42D92FD5}.Release|Any CPU.Build.0 = Release|Any CPU
		{7AC77399-E88A-491C-9398-E9233CA4D1D3}.Debug|Any CPU.ActiveCfg = Debug|Any CPU
		{7AC77399-E88A-491C-9398-E9233CA4D1D3}.Debug|Any CPU.Build.0 = Debug|Any CPU
		{7AC77399-E88A-491C-9398-E9233CA4D1D3}.Release|Any CPU.ActiveCfg = Release|Any CPU
		{7AC77399-E88A-491C-9398-E9233CA4D1D3}.Release|Any CPU.Build.0 = Release|Any CPU
		{7B87B837-02F3-43A8-A2A9-0D126FC033A9}.Debug|Any CPU.ActiveCfg = Debug|Any CPU
		{7B87B837-02F3-43A8-A2A9-0D126FC033A9}.Debug|Any CPU.Build.0 = Debug|Any CPU
		{7B87B837-02F3-43A8-A2A9-0D126FC033A9}.Release|Any CPU.ActiveCfg = Release|Any CPU
		{7B87B837-02F3-43A8-A2A9-0D126FC033A9}.Release|Any CPU.Build.0 = Release|Any CPU
		{FCA1AFC8-6FA0-4B47-A107-9712071C5156}.Debug|Any CPU.ActiveCfg = Debug|Any CPU
		{FCA1AFC8-6FA0-4B47-A107-9712071C5156}.Debug|Any CPU.Build.0 = Debug|Any CPU
		{FCA1AFC8-6FA0-4B47-A107-9712071C5156}.Release|Any CPU.ActiveCfg = Release|Any CPU
		{FCA1AFC8-6FA0-4B47-A107-9712071C5156}.Release|Any CPU.Build.0 = Release|Any CPU
		{0C03E86A-AE0B-4585-8777-109DF14EA8D5}.Debug|Any CPU.ActiveCfg = Debug|Any CPU
		{0C03E86A-AE0B-4585-8777-109DF14EA8D5}.Debug|Any CPU.Build.0 = Debug|Any CPU
		{0C03E86A-AE0B-4585-8777-109DF14EA8D5}.Release|Any CPU.ActiveCfg = Release|Any CPU
		{0C03E86A-AE0B-4585-8777-109DF14EA8D5}.Release|Any CPU.Build.0 = Release|Any CPU
		{D72430B6-FCBD-468A-830D-27F75276B1D3}.Debug|Any CPU.ActiveCfg = Debug|Any CPU
		{D72430B6-FCBD-468A-830D-27F75276B1D3}.Debug|Any CPU.Build.0 = Debug|Any CPU
		{D72430B6-FCBD-468A-830D-27F75276B1D3}.Release|Any CPU.ActiveCfg = Release|Any CPU
		{D72430B6-FCBD-468A-830D-27F75276B1D3}.Release|Any CPU.Build.0 = Release|Any CPU
		{2CB6AC9D-B0A9-41DE-8A18-263750DC677E}.Debug|Any CPU.ActiveCfg = Debug|Any CPU
		{2CB6AC9D-B0A9-41DE-8A18-263750DC677E}.Debug|Any CPU.Build.0 = Debug|Any CPU
		{2CB6AC9D-B0A9-41DE-8A18-263750DC677E}.Release|Any CPU.ActiveCfg = Release|Any CPU
		{2CB6AC9D-B0A9-41DE-8A18-263750DC677E}.Release|Any CPU.Build.0 = Release|Any CPU
		{C9AEE731-1B65-4743-B510-A7374701FDA7}.Debug|Any CPU.ActiveCfg = Debug|Any CPU
		{C9AEE731-1B65-4743-B510-A7374701FDA7}.Debug|Any CPU.Build.0 = Debug|Any CPU
		{C9AEE731-1B65-4743-B510-A7374701FDA7}.Release|Any CPU.ActiveCfg = Release|Any CPU
		{C9AEE731-1B65-4743-B510-A7374701FDA7}.Release|Any CPU.Build.0 = Release|Any CPU
	EndGlobalSection
	GlobalSection(SolutionProperties) = preSolution
		HideSolutionNode = FALSE
	EndGlobalSection
	GlobalSection(NestedProjects) = preSolution
		{EF10D74E-5DC1-4D38-9E79-B7E9CF46AEE6} = {87DA0CDA-EB8D-4CF7-89DC-F94BBF3AFA7F}
		{810DBC1E-74E3-4E3C-A243-7CC3D335B100} = {87DA0CDA-EB8D-4CF7-89DC-F94BBF3AFA7F}
		{8D27A496-7259-4B54-BE0C-14D30DA4EF0C} = {87DA0CDA-EB8D-4CF7-89DC-F94BBF3AFA7F}
		{A66C9BDD-0002-4D67-BBF7-59EB42D92FD5} = {87DA0CDA-EB8D-4CF7-89DC-F94BBF3AFA7F}
		{7AC77399-E88A-491C-9398-E9233CA4D1D3} = {87DA0CDA-EB8D-4CF7-89DC-F94BBF3AFA7F}
		{7B87B837-02F3-43A8-A2A9-0D126FC033A9} = {9D45D98E-B376-4CC8-B2DB-B3D436E2C3EA}
		{FCA1AFC8-6FA0-4B47-A107-9712071C5156} = {9D45D98E-B376-4CC8-B2DB-B3D436E2C3EA}
		{0C03E86A-AE0B-4585-8777-109DF14EA8D5} = {9D45D98E-B376-4CC8-B2DB-B3D436E2C3EA}
		{D72430B6-FCBD-468A-830D-27F75276B1D3} = {9D45D98E-B376-4CC8-B2DB-B3D436E2C3EA}
		{2CB6AC9D-B0A9-41DE-8A18-263750DC677E} = {9D45D98E-B376-4CC8-B2DB-B3D436E2C3EA}
		{C9AEE731-1B65-4743-B510-A7374701FDA7} = {9D45D98E-B376-4CC8-B2DB-B3D436E2C3EA}
	EndGlobalSection
	GlobalSection(ExtensibilityGlobals) = postSolution
		SolutionGuid = {14D3B849-3E15-4A27-9023-4A6B6E28291B}
	EndGlobalSection
EndGlobal
